<?xml version="1.0" encoding="utf-8"?>
<Project ToolsVersion="18.0" xmlns="http://schemas.microsoft.com/developer/msbuild/2003">
  <ItemGroup>
    <ClCompile Include="C:\Users\worajedt\Documents\GitHub\FirebirdPlugin\sources\FirebirdDB.cpp">
      <Filter>Source Files</Filter>
    </ClCompile>
    <ClCompile Include="C:\Users\worajedt\Documents\GitHub\FirebirdPlugin\sources\FirebirdPlugin.cpp">
      <Filter>Source Files</Filter>
    </ClCompile>
    <ClCompile Include="C:\Users\worajedt\Documents\GitHub\FirebirdPlugin\sdk\GlueCode\PluginMain.cpp">
      <Filter>Source Files</Filter>
    </ClCompile>
  </ItemGroup>
  <ItemGroup>
    <CustomBuild Include="C:\Users\worajedt\Documents\GitHub\FirebirdPlugin\CMakeLists.txt" />
  </ItemGroup>
  <ItemGroup>
    <Filter Include="Source Files">
      <UniqueIdentifier>{523C632B-F5FF-3B1E-A6C4-8B72EEC1CA78}</UniqueIdentifier>
    </Filter>
  </ItemGroup>
</Project>
