<?xml version="1.0" encoding="utf-8"?>
<Project ToolsVersion="18.0" xmlns="http://schemas.microsoft.com/developer/msbuild/2003">
  <ItemGroup>
    <CustomBuild Include="C:\Users\worajedt\Documents\GitHub\FirebirdPlugin\build_win_arm64\CMakeFiles\339bae613831d5d0ed1bfc21797ec389\generate.stamp.rule">
      <Filter>CMake Rules</Filter>
    </CustomBuild>
  </ItemGroup>
  <ItemGroup>
    <Filter Include="CMake Rules">
      <UniqueIdentifier>{15AAA1D6-5D5C-3728-A7E3-104C77D98709}</UniqueIdentifier>
    </Filter>
  </ItemGroup>
</Project>
